
Microsoft Visual Studio Solution File, Format Version 12.00
# Visual Studio Version 17
VisualStudioVersion = 17.7.34031.279
MinimumVisualStudioVersion = 10.0.40219.1
Project("{FAE04EC0-301F-11D3-BF4B-00C04F79EFBC}") = "ResidentialComplex", "ResidentialComplex\ResidentialComplex.csproj", "{FFA840C6-61B9-422F-A88A-5A3EA1A545A6}"
EndProject
Global
	GlobalSection(SolutionConfigurationPlatforms) = preSolution
		Debug|Any CPU = Debug|Any CPU
		Release|Any CPU = Release|Any CPU
	EndGlobalSection
	GlobalSection(ProjectConfigurationPlatforms) = postSolution
		{FFA840C6-61B9-422F-A88A-5A3EA1A545A6}.Debug|Any CPU.ActiveCfg = Debug|Any CPU
		{FFA840C6-61B9-422F-A88A-5A3EA1A545A6}.Debug|Any CPU.Build.0 = Debug|Any CPU
		{FFA840C6-61B9-422F-A88A-5A3EA1A545A6}.Release|Any CPU.ActiveCfg = Release|Any CPU
		{FFA840C6-61B9-422F-A88A-5A3EA1A545A6}.Release|Any CPU.Build.0 = Release|Any CPU
	EndGlobalSection
	GlobalSection(SolutionProperties) = preSolution
		HideSolutionNode = FALSE
	EndGlobalSection
	GlobalSection(ExtensibilityGlobals) = postSolution
		SolutionGuid = {C1919D74-439F-480A-B926-60BCEB544185}
	EndGlobalSection
EndGlobal
